lockfileVersion: '9.0'

settings:
  autoInstallPeers: true
  excludeLinksFromLockfile: false

importers:

  .:
    dependencies:
      '@aws-sdk/client-secrets-manager':
        specifier: ^3.529.1
        version: 3.1087.0
      '@aws-sdk/client-ssm':
        specifier: ^3.525.0
        version: 3.1087.0

packages:

  '@aws-sdk/client-secrets-manager@3.1087.0':
    resolution: {integrity: sha512-muY3Z3S8iFUIum2ir97iwGSW4xsRtzfgI74xmfDibuvkaUb4YnBKcJ+V5OOwoiZCKa9rFrR6gXjFfEN3zvbmPA==}
    engines: {node: '>=20.0.0'}

  '@aws-sdk/client-ssm@3.1087.0':
    resolution: {integrity: sha512-S9PF3+rs3Gfm1fmPVE++RgFMorcHmJeWb6xUXnxqFWT3eJ903WB490Q0tTm9uOMpV+g40PA0GV3LB6HW+Wv/+Q==}
    engines: {node: '>=20.0.0'}

  '@aws-sdk/core@3.975.2':
    resolution: {integrity: sha512-iyeXwziyjJpixq5OmhsIyrSWx8vwcI7gDo4yRUC3EP7NQtOo9iAJiIEc3G+/HkhtNXqOhofiCK7Lc34Sq+fJWg==}
    engines: {node: '>=20.0.0'}

  '@aws-sdk/credential-provider-env@3.972.58':
    resolution: {integrity: sha512-vyGtvK1rY940eq7JT0yIGKuZ+2kpPSJcHibSvGlit5oiMFDamzC7cxBGLl4FLnd6suihMXDI2FSF2dL6TmBqPA==}
    engines: {node: '>=20.0.0'}

  '@aws-sdk/credential-provider-http@3.972.60':
    resolution: {integrity: sha512-g9b9YzDrD5pcKiPBJfCSXRfFMrA39eR0guUhZ5SRm+7vMAVc43+effxbcamxBjSd5bUhrdKo5te/yQuWurLXLA==}
    engines: {node: '>=20.0.0'}

  '@aws-sdk/credential-provider-ini@3.973.2':
    resolution: {integrity: sha512-Yr7yxNyQ8aHt9Ww0RPFUZx+xiem+vl7vuwhP0tniTijoesJNV5jou9HCgVpI0GEPAF+89TkOvilE5uRrZJnjaw==}
    engines: {node: '>=20.0.0'}

  '@aws-sdk/credential-provider-login@3.972.64':
    resolution: {integrity: sha512-YQoSI4d6kXvoenoG/0Jv/PqaAuukHzGmGXGyHBQYeEUNsYovlNAn/Sw1wp/WQbhcQ3HsEMGgjEahvD3igz6ecQ==}
    engines: {node: '>=20.0.0'}

  '@aws-sdk/credential-provider-node@3.972.68':
    resolution: {integrity: sha512-4akjzW9CjorByYfqXBXmYUh/h7Io3U4DtVgGGh9TQraZ7ZlyJqNyHwDRGiUFnHD+BTOeTbCesCa4sJaK7BGZ7A==}
    engines: {node: '>=20.0.0'}

  '@aws-sdk/credential-provider-process@3.972.58':
    resolution: {integrity: sha512-1nYitRCaDmXWUrpBJt6WlcGjLx1JVsMY8rlYuHHsTYTSaYikbixYdQSyINN2VYq1F798uTO9qHAzytL25M8g3A==}
    engines: {node: '>=20.0.0'}

  '@aws-sdk/credential-provider-sso@3.973.2':
    resolution: {integrity: sha512-pjMLaLU/JZi5lVfmR14V1OZqRBTuMHf6AwGNZA0K9hK+JKtO3jcLBarfD8iq5oc8cSowvc/9R32sqMVXZPo6xQ==}
    engines: {node: '>=20.0.0'}

  '@aws-sdk/credential-provider-web-identity@3.972.64':
    resolution: {integrity: sha512-7Buc7p0OvDHW7iBsu4b+YdS0WnaFBDGKDfbVQqaac9dkWiSiUtIoarBDsA1RmOVXZijaZJDoHJFIQiicQvWRlQ==}
    engines: {node: '>=20.0.0'}

  '@aws-sdk/nested-clients@3.997.32':
    resolution: {integrity: sha512-6Yj2fr9XF67cndITea48rchTdVr3VGx6PN47bIKNinJAjLkmaIlz/4EBPCgJ8UmhVopiXmeAuPLI3+DXDDbMhQ==}
    engines: {node: '>=20.0.0'}

  '@aws-sdk/signature-v4-multi-region@3.996.40':
    resolution: {integrity: sha512-wrGZ/authosokclY1DXsiWT/1WjfCI22FuZGgdcilF+XLTXs5dCjAtiFYSPsEToZkbm3Lj2YP8PoWg0yoMNu0g==}
    engines: {node: '>=20.0.0'}

  '@aws-sdk/token-providers@3.1087.0':
    resolution: {integrity: sha512-umM+qNq16f2fH+VLM5MqXW4ORNQAjk+TOSto73xbUHcKaU41L48j786r3UWQYlejeJk37NlvRYgxBT+MBkfaYQ==}
    engines: {node: '>=20.0.0'}

  '@aws-sdk/types@3.974.1':
    resolution: {integrity: sha512-W0IQZR0eaBqlBFIIofMapaWkw1W0U+Xi4dvW+BqwmCEMd8Ng2U6IhkxuPSjMVnR8klLjfuS9PeZWUl1N6UaZdg==}
    engines: {node: '>=20.0.0'}

  '@aws-sdk/xml-builder@3.972.35':
    resolution: {integrity: sha512-pXzaWe3evZhjxDXAlMnqISe/XefTCGwBJG4nFTXaWSgAnMkqPEhxEPqJNhhpGesEvKFhvNpnozJJ4GTL11bRYw==}
    engines: {node: '>=20.0.0'}

  '@aws/lambda-invoke-store@0.3.0':
    resolution: {integrity: sha512-sl4Bm6yiMNYrZKkqqDFWN0UfnWhlS8ivKxrYl+6t0gCLrqr8y3B2IqZZbFRkfaVVp7C/baApyh71P+LeE1A2sQ==}
    engines: {node: '>=18.0.0'}

  '@smithy/core@3.29.4':
    resolution: {integrity: sha512-G1GRglAabzEhqghJMBAd54FkRS7SAFGHEwbhcI9r+O+LIMuFsLyXkLZkCoFSgAglRu8s/URVXJB0hglq3ZipIg==}
    engines: {node: '>=18.0.0'}

  '@smithy/credential-provider-imds@4.4.9':
    resolution: {integrity: sha512-2nfV4qRKiYeXU4zD2vvSCfg5dfp/BuhrM73vt7q9gzBhxs4rbPxXY21wo+kyI3bRmXcEGRnCLTaW8O437jzHIg==}
    engines: {node: '>=18.0.0'}

  '@smithy/fetch-http-handler@5.6.6':
    resolution: {integrity: sha512-NHLgAlORUFZjn5ZfhYuyyKMlXA1WLYOdGxEhyNxrPpbJzoacGbl0chn1lN2KiZ8mpNVk0tV5607CSYlYs/OFgw==}
    engines: {node: '>=18.0.0'}

  '@smithy/node-http-handler@4.9.6':
    resolution: {integrity: sha512-odd+HYx3OLcXRSEz0ZeF3JQdSYdK8QnRgA2N87cPW7coWIbKfRk7a9VQjfeWQLqnzrDLk23KMEn46p8N7M/JFg==}
    engines: {node: '>=18.0.0'}

  '@smithy/signature-v4@5.6.5':
    resolution: {integrity: sha512-MO5VEhwVl0BN7xVoVeNrZfiUFoQtqxUbgl6/RwOTlMMxCSjblG8twSrVTwz3J4w9WZxd2rBfBAUXjH77agspBg==}
    engines: {node: '>=18.0.0'}

  '@smithy/types@4.16.1':
    resolution: {integrity: sha512-0JFs3V2y2M9tKW5na/qxe69Zv+uxLMO7QBbhxF/FHu/Gp2NFZAAL9tWl9PU02xxo07pb3G9FTyjNc6D5uZrJIg==}
    engines: {node: '>=18.0.0'}

  bowser@2.14.1:
    resolution: {integrity: sha512-tzPjzCxygAKWFOJP011oxFHs57HzIhOEracIgAePE4pqB3LikALKnSzUyU4MGs9/iCEUuHlAJTjTc5M+u7YEGg==}

  tslib@2.8.1:
    resolution: {integrity: sha512-oJFu94HQb+KVduSUQL7wnpmqnfmLsOA/nAh6b6EH0wCEoK0/mPeXU6c3wKDV83MkOuHPRHtSXKKU99IBazS/2w==}

snapshots:

  '@aws-sdk/client-secrets-manager@3.1087.0':
    dependencies:
      '@aws-sdk/core': 3.975.2
      '@aws-sdk/credential-provider-node': 3.972.68
      '@aws-sdk/types': 3.974.1
      '@smithy/core': 3.29.4
      '@smithy/fetch-http-handler': 5.6.6
      '@smithy/node-http-handler': 4.9.6
      '@smithy/types': 4.16.1
      tslib: 2.8.1

  '@aws-sdk/client-ssm@3.1087.0':
    dependencies:
      '@aws-sdk/core': 3.975.2
      '@aws-sdk/credential-provider-node': 3.972.68
      '@aws-sdk/types': 3.974.1
      '@smithy/core': 3.29.4
      '@smithy/fetch-http-handler': 5.6.6
      '@smithy/node-http-handler': 4.9.6
      '@smithy/types': 4.16.1
      tslib: 2.8.1

  '@aws-sdk/core@3.975.2':
    dependencies:
      '@aws-sdk/types': 3.974.1
      '@aws-sdk/xml-builder': 3.972.35
      '@aws/lambda-invoke-store': 0.3.0
      '@smithy/core': 3.29.4
      '@smithy/signature-v4': 5.6.5
      '@smithy/types': 4.16.1
      bowser: 2.14.1
      tslib: 2.8.1

  '@aws-sdk/credential-provider-env@3.972.58':
    dependencies:
      '@aws-sdk/core': 3.975.2
      '@aws-sdk/types': 3.974.1
      '@smithy/core': 3.29.4
      '@smithy/types': 4.16.1
      tslib: 2.8.1

  '@aws-sdk/credential-provider-http@3.972.60':
    dependencies:
      '@aws-sdk/core': 3.975.2
      '@aws-sdk/types': 3.974.1
      '@smithy/core': 3.29.4
      '@smithy/fetch-http-handler': 5.6.6
      '@smithy/node-http-handler': 4.9.6
      '@smithy/types': 4.16.1
      tslib: 2.8.1

  '@aws-sdk/credential-provider-ini@3.973.2':
    dependencies:
      '@aws-sdk/core': 3.975.2
      '@aws-sdk/credential-provider-env': 3.972.58
      '@aws-sdk/credential-provider-http': 3.972.60
      '@aws-sdk/credential-provider-login': 3.972.64
      '@aws-sdk/credential-provider-process': 3.972.58
      '@aws-sdk/credential-provider-sso': 3.973.2
      '@aws-sdk/credential-provider-web-identity': 3.972.64
      '@aws-sdk/nested-clients': 3.997.32
      '@aws-sdk/types': 3.974.1
      '@smithy/core': 3.29.4
      '@smithy/credential-provider-imds': 4.4.9
      '@smithy/types': 4.16.1
      tslib: 2.8.1

  '@aws-sdk/credential-provider-login@3.972.64':
    dependencies:
      '@aws-sdk/core': 3.975.2
      '@aws-sdk/nested-clients': 3.997.32
      '@aws-sdk/types': 3.974.1
      '@smithy/core': 3.29.4
      '@smithy/types': 4.16.1
      tslib: 2.8.1

  '@aws-sdk/credential-provider-node@3.972.68':
    dependencies:
      '@aws-sdk/credential-provider-env': 3.972.58
      '@aws-sdk/credential-provider-http': 3.972.60
      '@aws-sdk/credential-provider-ini': 3.973.2
      '@aws-sdk/credential-provider-process': 3.972.58
      '@aws-sdk/credential-provider-sso': 3.973.2
      '@aws-sdk/credential-provider-web-identity': 3.972.64
      '@aws-sdk/types': 3.974.1
      '@smithy/core': 3.29.4
      '@smithy/credential-provider-imds': 4.4.9
      '@smithy/types': 4.16.1
      tslib: 2.8.1

  '@aws-sdk/credential-provider-process@3.972.58':
    dependencies:
      '@aws-sdk/core': 3.975.2
      '@aws-sdk/types': 3.974.1
      '@smithy/core': 3.29.4
      '@smithy/types': 4.16.1
      tslib: 2.8.1

  '@aws-sdk/credential-provider-sso@3.973.2':
    dependencies:
      '@aws-sdk/core': 3.975.2
      '@aws-sdk/nested-clients': 3.997.32
      '@aws-sdk/token-providers': 3.1087.0
      '@aws-sdk/types': 3.974.1
      '@smithy/core': 3.29.4
      '@smithy/types': 4.16.1
      tslib: 2.8.1

  '@aws-sdk/credential-provider-web-identity@3.972.64':
    dependencies:
      '@aws-sdk/core': 3.975.2
      '@aws-sdk/nested-clients': 3.997.32
      '@aws-sdk/types': 3.974.1
      '@smithy/core': 3.29.4
      '@smithy/types': 4.16.1
      tslib: 2.8.1

  '@aws-sdk/nested-clients@3.997.32':
    dependencies:
      '@aws-sdk/core': 3.975.2
      '@aws-sdk/signature-v4-multi-region': 3.996.40
      '@aws-sdk/types': 3.974.1
      '@smithy/core': 3.29.4
      '@smithy/fetch-http-handler': 5.6.6
      '@smithy/node-http-handler': 4.9.6
      '@smithy/types': 4.16.1
      tslib: 2.8.1

  '@aws-sdk/signature-v4-multi-region@3.996.40':
    dependencies:
      '@aws-sdk/types': 3.974.1
      '@smithy/signature-v4': 5.6.5
      '@smithy/types': 4.16.1
      tslib: 2.8.1

  '@aws-sdk/token-providers@3.1087.0':
    dependencies:
      '@aws-sdk/core': 3.975.2
      '@aws-sdk/nested-clients': 3.997.32
      '@aws-sdk/types': 3.974.1
      '@smithy/core': 3.29.4
      '@smithy/types': 4.16.1
      tslib: 2.8.1

  '@aws-sdk/types@3.974.1':
    dependencies:
      '@smithy/types': 4.16.1
      tslib: 2.8.1

  '@aws-sdk/xml-builder@3.972.35':
    dependencies:
      '@smithy/types': 4.16.1
      tslib: 2.8.1

  '@aws/lambda-invoke-store@0.3.0': {}

  '@smithy/core@3.29.4':
    dependencies:
      '@smithy/types': 4.16.1
      tslib: 2.8.1

  '@smithy/credential-provider-imds@4.4.9':
    dependencies:
      '@smithy/core': 3.29.4
      '@smithy/types': 4.16.1
      tslib: 2.8.1

  '@smithy/fetch-http-handler@5.6.6':
    dependencies:
      '@smithy/core': 3.29.4
      '@smithy/types': 4.16.1
      tslib: 2.8.1

  '@smithy/node-http-handler@4.9.6':
    dependencies:
      '@smithy/core': 3.29.4
      '@smithy/types': 4.16.1
      tslib: 2.8.1

  '@smithy/signature-v4@5.6.5':
    dependencies:
      '@smithy/core': 3.29.4
      '@smithy/types': 4.16.1
      tslib: 2.8.1

  '@smithy/types@4.16.1':
    dependencies:
      tslib: 2.8.1

  bowser@2.14.1: {}

  tslib@2.8.1: {}
