lockfileVersion: '9.0'

settings:
  autoInstallPeers: true
  excludeLinksFromLockfile: false

importers:

  .:
    dependencies:
      '@aws-sdk/client-secrets-manager':
        specifier: ^3.1091.0
        version: 3.1091.0
      '@aws-sdk/client-ssm':
        specifier: ^3.1091.0
        version: 3.1091.0

packages:

  '@aws-sdk/client-secrets-manager@3.1091.0':
    resolution: {integrity: sha512-VrJUAZAU6/pEUzy5bqXhBV2xqBcIp5an3rS7BYYaCZhLCAg1avI8EtxodQKhT6PNxBbfAmcoYHcb/JJ4Fn1ZCw==}
    engines: {node: '>=20.0.0'}

  '@aws-sdk/client-ssm@3.1091.0':
    resolution: {integrity: sha512-aqDOBa+gA4nH77Gh18gHQzo7ZGEX5cY9y7YHTQ/rXukqC/+BJ2uIfjbQVbxKGhrfNYlLgdc/cDsvrYM/t83jaQ==}
    engines: {node: '>=20.0.0'}

  '@aws-sdk/core@3.975.3':
    resolution: {integrity: sha512-7ur3kCKuvPLqlsZ2XlvnNBVQ7KkpSu6Y6dOTwSPHLrFpTEfZM8isLBJc4cgv96WB7GifeVM436mpycwxBd2vEA==}
    engines: {node: '>=20.0.0'}

  '@aws-sdk/credential-provider-env@3.972.59':
    resolution: {integrity: sha512-Ny5e4Mfh3QPmiAc0AiUe+cbTXDlxkU3Rc+EpWOfyWeWEy6yp7Fa1KmfNeCc+1a8by9zQ9gtohmiQUkMPScF3ng==}
    engines: {node: '>=20.0.0'}

  '@aws-sdk/credential-provider-http@3.972.61':
    resolution: {integrity: sha512-8jAjgStl5Ytq4+HF3X/9f+EmRinaRbGRRtQGktlPfBRVx73H+R1y48vIeXerQtYGFaUqkEp3fT6jP854rVO2yQ==}
    engines: {node: '>=20.0.0'}

  '@aws-sdk/credential-provider-ini@3.973.4':
    resolution: {integrity: sha512-e6ZvVsj90aRALf1kHP+J4iqC1496ZpVgqI/+u0LJ5HL7q7ATauGy4gdDvRCP13L1pN/fMiZLah162PGIYkbUVQ==}
    engines: {node: '>=20.0.0'}

  '@aws-sdk/credential-provider-login@3.972.66':
    resolution: {integrity: sha512-g2fsqm87r/nKthLZ0VkkDBElkGg0PvSa8d97HQ6EilMbJTZ6hxa8FxkSZyJfgPfFdZn0TTmkOffQmTSUcAHIng==}
    engines: {node: '>=20.0.0'}

  '@aws-sdk/credential-provider-node@3.972.70':
    resolution: {integrity: sha512-3xzvkGdykBunxqh8WudmUpSyLWvIhfI6aBQo1b5rb3mDO5mNLadK+0hiI0qBQBMVynJbfLO+Ajy9dztMwy9O8w==}
    engines: {node: '>=20.0.0'}

  '@aws-sdk/credential-provider-process@3.972.59':
    resolution: {integrity: sha512-DlZF2/MhLlatDdlrIy3CUCpfdbLrKx+3SMjVo+WyHnPpwzkc/M3vwAHw4OVJf7DMvO+4vfRqSCMc/E9I1auN0g==}
    engines: {node: '>=20.0.0'}

  '@aws-sdk/credential-provider-sso@3.973.3':
    resolution: {integrity: sha512-hmdDHoy2G5Es2e8IgelNMYUuSQI6uCIAKZMJ2u2PdKDhxvbk1uWD/g4+R7R5c/tJfKEB1+KjjWiaoCr/S+ZTiQ==}
    engines: {node: '>=20.0.0'}

  '@aws-sdk/credential-provider-web-identity@3.972.65':
    resolution: {integrity: sha512-gHQb/Kt0chjk/JQDa/GJDqmAvEuVn8n7z10wK2h0LFM9TUDRkohgOO4aEF+s2sBLM0br7Cl5W6P7phgjrrJvLQ==}
    engines: {node: '>=20.0.0'}

  '@aws-sdk/nested-clients@3.997.33':
    resolution: {integrity: sha512-dVZOroI/r3/ENvqNGgjMPul+jjlz9GddfVusgTXlVjfZj5isibOxecLkGQbRPp8XOuX+RAfjXLFgPkD1JS5xrw==}
    engines: {node: '>=20.0.0'}

  '@aws-sdk/signature-v4-multi-region@3.996.41':
    resolution: {integrity: sha512-QMUytg+FQMGouc8gHS00KoYih3+N6cqmVI/pQGOIo7Nr7OpQaiXjSYOuL+vsPZ1tymY4LAQ8MYcHJmws5LRxng==}
    engines: {node: '>=20.0.0'}

  '@aws-sdk/token-providers@3.1088.0':
    resolution: {integrity: sha512-4ObatWt2qpJg5FBk4LOOKrTQYzaqeewAtdO3r9ZO8lH9YqLtpTzLyIdy0mJ+nVdfYOnqISkKNfmzP22bNDhwyw==}
    engines: {node: '>=20.0.0'}

  '@aws-sdk/types@3.974.2':
    resolution: {integrity: sha512-3W6IUtSxFbH6X7Wb7DzGCV5QiFQsd0g8bOfntpmDxQlzBoKWUMBu/JPQR0DwkE+Hpnxd6db1tXbOwdeHddG6cA==}
    engines: {node: '>=20.0.0'}

  '@aws-sdk/xml-builder@3.972.36':
    resolution: {integrity: sha512-RdGmS1GLrtaTOLE1ElSluMldNrpk9Emq6uYs8SS8iHlu5xTAmM9rRkM91o48+rIRryBtyO9t+uLYCoMG6jVMVA==}
    engines: {node: '>=20.0.0'}

  '@aws/lambda-invoke-store@0.3.0':
    resolution: {integrity: sha512-sl4Bm6yiMNYrZKkqqDFWN0UfnWhlS8ivKxrYl+6t0gCLrqr8y3B2IqZZbFRkfaVVp7C/baApyh71P+LeE1A2sQ==}
    engines: {node: '>=18.0.0'}

  '@smithy/core@3.29.6':
    resolution: {integrity: sha512-TO3w25cdGWBeYqKNDaqH3v4O3jjMPpKwf39YlG5X5xhqWfpOWJbi5gQi1lrllukuwohdhY0TPB8jBEv6UC50Vg==}
    engines: {node: '>=18.0.0'}

  '@smithy/credential-provider-imds@4.4.11':
    resolution: {integrity: sha512-6CUvZwS0tCcVCrcvh2TpwTXxmAkuY6JGNPeKODYRLjHtUUhFLGS3dNkNdRvT/ttJyqimqnhFMTS2nqp4pDZ7oQ==}
    engines: {node: '>=18.0.0'}

  '@smithy/fetch-http-handler@5.6.8':
    resolution: {integrity: sha512-AFuLou893FesRZeQcKMh87P9x4PF2/ksPOYLLI1ctW7WJxm55SWInFSHAhaNRBPBmbgZyUcCCDKepBX+1jZBBw==}
    engines: {node: '>=18.0.0'}

  '@smithy/node-http-handler@4.9.8':
    resolution: {integrity: sha512-ArSSIN4t1wLutcIkHzaL6N11J7xpZK7W3T0pFz9cep9zIpEr9x5+lhJRcVUgObGI3OIMbnROq7w8bwzx+Nkf8A==}
    engines: {node: '>=18.0.0'}

  '@smithy/signature-v4@5.6.7':
    resolution: {integrity: sha512-32PmEsuZV9lz7SZk3gJcm+EfIAoIVu83AJyEzgALpwmSqLvuacdAu0fvCVNMbDbegyk1S0lHUDrMWIfR47Micw==}
    engines: {node: '>=18.0.0'}

  '@smithy/types@4.16.1':
    resolution: {integrity: sha512-0JFs3V2y2M9tKW5na/qxe69Zv+uxLMO7QBbhxF/FHu/Gp2NFZAAL9tWl9PU02xxo07pb3G9FTyjNc6D5uZrJIg==}
    engines: {node: '>=18.0.0'}

  bowser@2.11.0:
    resolution: {integrity: sha512-AlcaJBi/pqqJBIQ8U9Mcpc9i8Aqxn88Skv5d+xBX006BY5u8N3mGLHa5Lgppa7L/HfwgwLgZ6NYs+Ag6uUmJRA==}

  tslib@2.6.2:
    resolution: {integrity: sha512-AEYxH93jGFPn/a2iVAwW87VuUIkR1FVUKB77NwMF7nBTDkDrrT/Hpt/IrCJ0QXhW27jTBDcf5ZY7w6RiqTMw2Q==}

snapshots:

  '@aws-sdk/client-secrets-manager@3.1091.0':
    dependencies:
      '@aws-sdk/core': 3.975.3
      '@aws-sdk/credential-provider-node': 3.972.70
      '@aws-sdk/types': 3.974.2
      '@smithy/core': 3.29.6
      '@smithy/fetch-http-handler': 5.6.8
      '@smithy/node-http-handler': 4.9.8
      '@smithy/types': 4.16.1
      tslib: 2.6.2

  '@aws-sdk/client-ssm@3.1091.0':
    dependencies:
      '@aws-sdk/core': 3.975.3
      '@aws-sdk/credential-provider-node': 3.972.70
      '@aws-sdk/types': 3.974.2
      '@smithy/core': 3.29.6
      '@smithy/fetch-http-handler': 5.6.8
      '@smithy/node-http-handler': 4.9.8
      '@smithy/types': 4.16.1
      tslib: 2.6.2

  '@aws-sdk/core@3.975.3':
    dependencies:
      '@aws-sdk/types': 3.974.2
      '@aws-sdk/xml-builder': 3.972.36
      '@aws/lambda-invoke-store': 0.3.0
      '@smithy/core': 3.29.6
      '@smithy/signature-v4': 5.6.7
      '@smithy/types': 4.16.1
      bowser: 2.11.0
      tslib: 2.6.2

  '@aws-sdk/credential-provider-env@3.972.59':
    dependencies:
      '@aws-sdk/core': 3.975.3
      '@aws-sdk/types': 3.974.2
      '@smithy/core': 3.29.6
      '@smithy/types': 4.16.1
      tslib: 2.6.2

  '@aws-sdk/credential-provider-http@3.972.61':
    dependencies:
      '@aws-sdk/core': 3.975.3
      '@aws-sdk/types': 3.974.2
      '@smithy/core': 3.29.6
      '@smithy/fetch-http-handler': 5.6.8
      '@smithy/node-http-handler': 4.9.8
      '@smithy/types': 4.16.1
      tslib: 2.6.2

  '@aws-sdk/credential-provider-ini@3.973.4':
    dependencies:
      '@aws-sdk/core': 3.975.3
      '@aws-sdk/credential-provider-env': 3.972.59
      '@aws-sdk/credential-provider-http': 3.972.61
      '@aws-sdk/credential-provider-login': 3.972.66
      '@aws-sdk/credential-provider-process': 3.972.59
      '@aws-sdk/credential-provider-sso': 3.973.3
      '@aws-sdk/credential-provider-web-identity': 3.972.65
      '@aws-sdk/nested-clients': 3.997.33
      '@aws-sdk/types': 3.974.2
      '@smithy/core': 3.29.6
      '@smithy/credential-provider-imds': 4.4.11
      '@smithy/types': 4.16.1
      tslib: 2.6.2

  '@aws-sdk/credential-provider-login@3.972.66':
    dependencies:
      '@aws-sdk/core': 3.975.3
      '@aws-sdk/nested-clients': 3.997.33
      '@aws-sdk/types': 3.974.2
      '@smithy/core': 3.29.6
      '@smithy/types': 4.16.1
      tslib: 2.6.2

  '@aws-sdk/credential-provider-node@3.972.70':
    dependencies:
      '@aws-sdk/credential-provider-env': 3.972.59
      '@aws-sdk/credential-provider-http': 3.972.61
      '@aws-sdk/credential-provider-ini': 3.973.4
      '@aws-sdk/credential-provider-process': 3.972.59
      '@aws-sdk/credential-provider-sso': 3.973.3
      '@aws-sdk/credential-provider-web-identity': 3.972.65
      '@aws-sdk/types': 3.974.2
      '@smithy/core': 3.29.6
      '@smithy/credential-provider-imds': 4.4.11
      '@smithy/types': 4.16.1
      tslib: 2.6.2

  '@aws-sdk/credential-provider-process@3.972.59':
    dependencies:
      '@aws-sdk/core': 3.975.3
      '@aws-sdk/types': 3.974.2
      '@smithy/core': 3.29.6
      '@smithy/types': 4.16.1
      tslib: 2.6.2

  '@aws-sdk/credential-provider-sso@3.973.3':
    dependencies:
      '@aws-sdk/core': 3.975.3
      '@aws-sdk/nested-clients': 3.997.33
      '@aws-sdk/token-providers': 3.1088.0
      '@aws-sdk/types': 3.974.2
      '@smithy/core': 3.29.6
      '@smithy/types': 4.16.1
      tslib: 2.6.2

  '@aws-sdk/credential-provider-web-identity@3.972.65':
    dependencies:
      '@aws-sdk/core': 3.975.3
      '@aws-sdk/nested-clients': 3.997.33
      '@aws-sdk/types': 3.974.2
      '@smithy/core': 3.29.6
      '@smithy/types': 4.16.1
      tslib: 2.6.2

  '@aws-sdk/nested-clients@3.997.33':
    dependencies:
      '@aws-sdk/core': 3.975.3
      '@aws-sdk/signature-v4-multi-region': 3.996.41
      '@aws-sdk/types': 3.974.2
      '@smithy/core': 3.29.6
      '@smithy/fetch-http-handler': 5.6.8
      '@smithy/node-http-handler': 4.9.8
      '@smithy/types': 4.16.1
      tslib: 2.6.2

  '@aws-sdk/signature-v4-multi-region@3.996.41':
    dependencies:
      '@aws-sdk/types': 3.974.2
      '@smithy/signature-v4': 5.6.7
      '@smithy/types': 4.16.1
      tslib: 2.6.2

  '@aws-sdk/token-providers@3.1088.0':
    dependencies:
      '@aws-sdk/core': 3.975.3
      '@aws-sdk/nested-clients': 3.997.33
      '@aws-sdk/types': 3.974.2
      '@smithy/core': 3.29.6
      '@smithy/types': 4.16.1
      tslib: 2.6.2

  '@aws-sdk/types@3.974.2':
    dependencies:
      '@smithy/types': 4.16.1
      tslib: 2.6.2

  '@aws-sdk/xml-builder@3.972.36':
    dependencies:
      '@smithy/types': 4.16.1
      tslib: 2.6.2

  '@aws/lambda-invoke-store@0.3.0': {}

  '@smithy/core@3.29.6':
    dependencies:
      '@smithy/types': 4.16.1
      tslib: 2.6.2

  '@smithy/credential-provider-imds@4.4.11':
    dependencies:
      '@smithy/core': 3.29.6
      '@smithy/types': 4.16.1
      tslib: 2.6.2

  '@smithy/fetch-http-handler@5.6.8':
    dependencies:
      '@smithy/core': 3.29.6
      '@smithy/types': 4.16.1
      tslib: 2.6.2

  '@smithy/node-http-handler@4.9.8':
    dependencies:
      '@smithy/core': 3.29.6
      '@smithy/types': 4.16.1
      tslib: 2.6.2

  '@smithy/signature-v4@5.6.7':
    dependencies:
      '@smithy/core': 3.29.6
      '@smithy/types': 4.16.1
      tslib: 2.6.2

  '@smithy/types@4.16.1':
    dependencies:
      tslib: 2.6.2

  bowser@2.11.0: {}

  tslib@2.6.2: {}
